// !$*UTF8*$!
{
	archiveVersion = 1;
	classes = {
	};
	objectVersion = 55;
	objects = {

/* Begin PBXBuildFile section */
		1C1D86C62761E9E100E704E0 /* CarCell.swift in Sources */ = {isa = PBXBuildFile; fileRef = 1C1D86C52761E9E100E704E0 /* CarCell.swift */; };
		1C6A0809275E08A0005119A2 /* AppDelegate.swift in Sources */ = {isa = PBXBuildFile; fileRef = 1C6A0808275E08A0005119A2 /* AppDelegate.swift */; };
		1C6A080B275E08A0005119A2 /* SceneDelegate.swift in Sources */ = {isa = PBXBuildFile; fileRef = 1C6A080A275E08A0005119A2 /* SceneDelegate.swift */; };
		1C6A0810275E08A0005119A2 /* Main.storyboard in Resources */ = {isa = PBXBuildFile; fileRef = 1C6A080E275E08A0005119A2 /* Main.storyboard */; };
		1C6A0812275E08A5005119A2 /* Assets.xcassets in Resources */ = {isa = PBXBuildFile; fileRef = 1C6A0811275E08A5005119A2 /* Assets.xcassets */; };
		1C6A0815275E08A5005119A2 /* LaunchScreen.storyboard in Resources */ = {isa = PBXBuildFile; fileRef = 1C6A0813275E08A5005119A2 /* LaunchScreen.storyboard */; };
		1C6A081D275E43F7005119A2 /* HomeViewController.swift in Sources */ = {isa = PBXBuildFile; fileRef = 1C6A081C275E43F7005119A2 /* HomeViewController.swift */; };
		1C6A081F275E4709005119A2 /* LoginViewController.swift in Sources */ = {isa = PBXBuildFile; fileRef = 1C6A081E275E4709005119A2 /* LoginViewController.swift */; };
		1C6A0821275E4733005119A2 /* SignUpViewController.swift in Sources */ = {isa = PBXBuildFile; fileRef = 1C6A0820275E4733005119A2 /* SignUpViewController.swift */; };
		1C6A0823275E473E005119A2 /* OTPViewController.swift in Sources */ = {isa = PBXBuildFile; fileRef = 1C6A0822275E473E005119A2 /* OTPViewController.swift */; };
		1C6A0825275E47A9005119A2 /* OnBoardingViewController.swift in Sources */ = {isa = PBXBuildFile; fileRef = 1C6A0824275E47A9005119A2 /* OnBoardingViewController.swift */; };
		1C6A0827275E47E9005119A2 /* CarsViewController.swift in Sources */ = {isa = PBXBuildFile; fileRef = 1C6A0826275E47E9005119A2 /* CarsViewController.swift */; };
		1C6A0829275E47F5005119A2 /* BookingViewController.swift in Sources */ = {isa = PBXBuildFile; fileRef = 1C6A0828275E47F5005119A2 /* BookingViewController.swift */; };
		1C6A082B275E4800005119A2 /* ProfileViewController.swift in Sources */ = {isa = PBXBuildFile; fileRef = 1C6A082A275E4800005119A2 /* ProfileViewController.swift */; };
		1C6A082D275E480B005119A2 /* NotificationViewController.swift in Sources */ = {isa = PBXBuildFile; fileRef = 1C6A082C275E480B005119A2 /* NotificationViewController.swift */; };
		1C6FF2AF275F956D008EC865 /* ForgotPasswordViewController.swift in Sources */ = {isa = PBXBuildFile; fileRef = 1C6FF2AE275F956D008EC865 /* ForgotPasswordViewController.swift */; };
		1C6FF2B1275F974F008EC865 /* FPasswordOTPViewController.swift in Sources */ = {isa = PBXBuildFile; fileRef = 1C6FF2B0275F974F008EC865 /* FPasswordOTPViewController.swift */; };
/* End PBXBuildFile section */

/* Begin PBXFileReference section */
		1C1D86C52761E9E100E704E0 /* CarCell.swift */ = {isa = PBXFileReference; lastKnownFileType = sourcecode.swift; path = CarCell.swift; sourceTree = "<group>"; };
		1C6A0805275E08A0005119A2 /* Sample UI.app */ = {isa = PBXFileReference; explicitFileType = wrapper.application; includeInIndex = 0; path = "Sample UI.app"; sourceTree = BUILT_PRODUCTS_DIR; };
		1C6A0808275E08A0005119A2 /* AppDelegate.swift */ = {isa = PBXFileReference; lastKnownFileType = sourcecode.swift; path = AppDelegate.swift; sourceTree = "<group>"; };
		1C6A080A275E08A0005119A2 /* SceneDelegate.swift */ = {isa = PBXFileReference; lastKnownFileType = sourcecode.swift; path = SceneDelegate.swift; sourceTree = "<group>"; };
		1C6A080F275E08A0005119A2 /* Base */ = {isa = PBXFileReference; lastKnownFileType = file.storyboard; name = Base; path = Base.lproj/Main.storyboard; sourceTree = "<group>"; };
		1C6A0811275E08A5005119A2 /* Assets.xcassets */ = {isa = PBXFileReference; lastKnownFileType = folder.assetcatalog; path = Assets.xcassets; sourceTree = "<group>"; };
		1C6A0814275E08A5005119A2 /* Base */ = {isa = PBXFileReference; lastKnownFileType = file.storyboard; name = Base; path = Base.lproj/LaunchScreen.storyboard; sourceTree = "<group>"; };
		1C6A0816275E08A5005119A2 /* Info.plist */ = {isa = PBXFileReference; lastKnownFileType = text.plist.xml; path = Info.plist; sourceTree = "<group>"; };
		1C6A081C275E43F7005119A2 /* HomeViewController.swift */ = {isa = PBXFileReference; lastKnownFileType = sourcecode.swift; path = HomeViewController.swift; sourceTree = "<group>"; };
		1C6A081E275E4709005119A2 /* LoginViewController.swift */ = {isa = PBXFileReference; lastKnownFileType = sourcecode.swift; path = LoginViewController.swift; sourceTree = "<group>"; };
		1C6A0820275E4733005119A2 /* SignUpViewController.swift */ = {isa = PBXFileReference; lastKnownFileType = sourcecode.swift; path = SignUpViewController.swift; sourceTree = "<group>"; };
		1C6A0822275E473E005119A2 /* OTPViewController.swift */ = {isa = PBXFileReference; lastKnownFileType = sourcecode.swift; path = OTPViewController.swift; sourceTree = "<group>"; };
		1C6A0824275E47A9005119A2 /* OnBoardingViewController.swift */ = {isa = PBXFileReference; lastKnownFileType = sourcecode.swift; path = OnBoardingViewController.swift; sourceTree = "<group>"; };
		1C6A0826275E47E9005119A2 /* CarsViewController.swift */ = {isa = PBXFileReference; lastKnownFileType = sourcecode.swift; path = CarsViewController.swift; sourceTree = "<group>"; };
		1C6A0828275E47F5005119A2 /* BookingViewController.swift */ = {isa = PBXFileReference; lastKnownFileType = sourcecode.swift; path = BookingViewController.swift; sourceTree = "<group>"; };
		1C6A082A275E4800005119A2 /* ProfileViewController.swift */ = {isa = PBXFileReference; lastKnownFileType = sourcecode.swift; path = ProfileViewController.swift; sourceTree = "<group>"; };
		1C6A082C275E480B005119A2 /* NotificationViewController.swift */ = {isa = PBXFileReference; lastKnownFileType = sourcecode.swift; path = NotificationViewController.swift; sourceTree = "<group>"; };
		1C6FF2AE275F956D008EC865 /* ForgotPasswordViewController.swift */ = {isa = PBXFileReference; lastKnownFileType = sourcecode.swift; path = ForgotPasswordViewController.swift; sourceTree = "<group>"; };
		1C6FF2B0275F974F008EC865 /* FPasswordOTPViewController.swift */ = {isa = PBXFileReference; lastKnownFileType = sourcecode.swift; path = FPasswordOTPViewController.swift; sourceTree = "<group>"; };
/* End PBXFileReference section */

/* Begin PBXFrameworksBuildPhase section */
		1C6A0802275E08A0005119A2 /* Frameworks */ = {
			isa = PBXFrameworksBuildPhase;
			buildActionMask = 2147483647;
			files = (
			);
			runOnlyForDeploymentPostprocessing = 0;
		};
/* End PBXFrameworksBuildPhase section */

/* Begin PBXGroup section */
		1C6A07FC275E08A0005119A2 = {
			isa = PBXGroup;
			children = (
				1C6A0807275E08A0005119A2 /* Sample UI */,
				1C6A0806275E08A0005119A2 /* Products */,
			);
			sourceTree = "<group>";
		};
		1C6A0806275E08A0005119A2 /* Products */ = {
			isa = PBXGroup;
			children = (
				1C6A0805275E08A0005119A2 /* Sample UI.app */,
			);
			name = Products;
			sourceTree = "<group>";
		};
		1C6A0807275E08A0005119A2 /* Sample UI */ = {
			isa = PBXGroup;
			children = (
				1C6A0808275E08A0005119A2 /* AppDelegate.swift */,
				1C6A080A275E08A0005119A2 /* SceneDelegate.swift */,
				1C6A082F275E4874005119A2 /* AuthControllers */,
				1C6A082E275E4847005119A2 /* TabControllers */,
				1C6A080E275E08A0005119A2 /* Main.storyboard */,
				1C6A0811275E08A5005119A2 /* Assets.xcassets */,
				1C6A0813275E08A5005119A2 /* LaunchScreen.storyboard */,
				1C6A0816275E08A5005119A2 /* Info.plist */,
			);
			path = "Sample UI";
			sourceTree = "<group>";
		};
		1C6A082E275E4847005119A2 /* TabControllers */ = {
			isa = PBXGroup;
			children = (
				1C6A0826275E47E9005119A2 /* CarsViewController.swift */,
				1C6A0828275E47F5005119A2 /* BookingViewController.swift */,
				1C6A081C275E43F7005119A2 /* HomeViewController.swift */,
				1C6A082A275E4800005119A2 /* ProfileViewController.swift */,
				1C6A082C275E480B005119A2 /* NotificationViewController.swift */,
				1C1D86C52761E9E100E704E0 /* CarCell.swift */,
			);
			path = TabControllers;
			sourceTree = "<group>";
		};
		1C6A082F275E4874005119A2 /* AuthControllers */ = {
			isa = PBXGroup;
			children = (
				1C6A081E275E4709005119A2 /* LoginViewController.swift */,
				1C6A0820275E4733005119A2 /* SignUpViewController.swift */,
				1C6A0822275E473E005119A2 /* OTPViewController.swift */,
				1C6A0824275E47A9005119A2 /* OnBoardingViewController.swift */,
				1C6FF2AE275F956D008EC865 /* ForgotPasswordViewController.swift */,
				1C6FF2B0275F974F008EC865 /* FPasswordOTPViewController.swift */,
			);
			path = AuthControllers;
			sourceTree = "<group>";
		};
/* End PBXGroup section */

/* Begin PBXNativeTarget section */
		1C6A0804275E08A0005119A2 /* Sample UI */ = {
			isa = PBXNativeTarget;
			buildConfigurationList = 1C6A0819275E08A5005119A2 /* Build configuration list for PBXNativeTarget "Sample UI" */;
			buildPhases = (
				1C6A0801275E08A0005119A2 /* Sources */,
				1C6A0802275E08A0005119A2 /* Frameworks */,
				1C6A0803275E08A0005119A2 /* Resources */,
			);
			buildRules = (
			);
			dependencies = (
			);
			name = "Sample UI";
			productName = "Sample UI";
			productReference = 1C6A0805275E08A0005119A2 /* Sample UI.app */;
			productType = "com.apple.product-type.application";
		};
/* End PBXNativeTarget section */

/* Begin PBXProject section */
		1C6A07FD275E08A0005119A2 /* Project object */ = {
			isa = PBXProject;
			attributes = {
				BuildIndependentTargetsInParallel = 1;
				LastSwiftUpdateCheck = 1310;
				LastUpgradeCheck = 1310;
				TargetAttributes = {
					1C6A0804275E08A0005119A2 = {
						CreatedOnToolsVersion = 13.1;
					};
				};
			};
			buildConfigurationList = 1C6A0800275E08A0005119A2 /* Build configuration list for PBXProject "Sample UI" */;
			compatibilityVersion = "Xcode 13.0";
			developmentRegion = en;
			hasScannedForEncodings = 0;
			knownRegions = (
				en,
				Base,
			);
			mainGroup = 1C6A07FC275E08A0005119A2;
			productRefGroup = 1C6A0806275E08A0005119A2 /* Products */;
			projectDirPath = "";
			projectRoot = "";
			targets = (
				1C6A0804275E08A0005119A2 /* Sample UI */,
			);
		};
/* End PBXProject section */

/* Begin PBXResourcesBuildPhase section */
		1C6A0803275E08A0005119A2 /* Resources */ = {
			isa = PBXResourcesBuildPhase;
			buildActionMask = 2147483647;
			files = (
				1C6A0815275E08A5005119A2 /* LaunchScreen.storyboard in Resources */,
				1C6A0812275E08A5005119A2 /* Assets.xcassets in Resources */,
				1C6A0810275E08A0005119A2 /* Main.storyboard in Resources */,
			);
			runOnlyForDeploymentPostprocessing = 0;
		};
/* End PBXResourcesBuildPhase section */

/* Begin PBXSourcesBuildPhase section */
		1C6A0801275E08A0005119A2 /* Sources */ = {
			isa = PBXSourcesBuildPhase;
			buildActionMask = 2147483647;
			files = (
				1C6A0821275E4733005119A2 /* SignUpViewController.swift in Sources */,
				1C6A082D275E480B005119A2 /* NotificationViewController.swift in Sources */,
				1C6A0827275E47E9005119A2 /* CarsViewController.swift in Sources */,
				1C6A0809275E08A0005119A2 /* AppDelegate.swift in Sources */,
				1C6A0825275E47A9005119A2 /* OnBoardingViewController.swift in Sources */,
				1C6FF2B1275F974F008EC865 /* FPasswordOTPViewController.swift in Sources */,
				1C6A080B275E08A0005119A2 /* SceneDelegate.swift in Sources */,
				1C6A082B275E4800005119A2 /* ProfileViewController.swift in Sources */,
				1C6A081F275E4709005119A2 /* LoginViewController.swift in Sources */,
				1C6FF2AF275F956D008EC865 /* ForgotPasswordViewController.swift in Sources */,
				1C6A0823275E473E005119A2 /* OTPViewController.swift in Sources */,
				1C6A0829275E47F5005119A2 /* BookingViewController.swift in Sources */,
				1C1D86C62761E9E100E704E0 /* CarCell.swift in Sources */,
				1C6A081D275E43F7005119A2 /* HomeViewController.swift in Sources */,
			);
			runOnlyForDeploymentPostprocessing = 0;
		};
/* End PBXSourcesBuildPhase section */

/* Begin PBXVariantGroup section */
		1C6A080E275E08A0005119A2 /* Main.storyboard */ = {
			isa = PBXVariantGroup;
			children = (
				1C6A080F275E08A0005119A2 /* Base */,
			);
			name = Main.storyboard;
			sourceTree = "<group>";
		};
		1C6A0813275E08A5005119A2 /* LaunchScreen.storyboard */ = {
			isa = PBXVariantGroup;
			children = (
				1C6A0814275E08A5005119A2 /* Base */,
			);
			name = LaunchScreen.storyboard;
			sourceTree = "<group>";
		};
/* End PBXVariantGroup section */

/* Begin XCBuildConfiguration section */
		1C6A0817275E08A5005119A2 /* Debug */ = {
			isa = XCBuildConfiguration;
			buildSettings = {
				ALWAYS_SEARCH_USER_PATHS = NO;
				CLANG_ANALYZER_NONNULL = YES;
				CLANG_ANALYZER_NUMBER_OBJECT_CONVERSION = YES_AGGRESSIVE;
				CLANG_CXX_LANGUAGE_STANDARD = "gnu++17";
				CLANG_CXX_LIBRARY = "libc++";
				CLANG_ENABLE_MODULES = YES;
				CLANG_ENABLE_OBJC_ARC = YES;
				CLANG_ENABLE_OBJC_WEAK = YES;
				CLANG_WARN_BLOCK_CAPTURE_AUTORELEASING = YES;
				CLANG_WARN_BOOL_CONVERSION = YES;
				CLANG_WARN_COMMA = YES;
				CLANG_WARN_CONSTANT_CONVERSION = YES;
				CLANG_WARN_DEPRECATED_OBJC_IMPLEMENTATIONS = YES;
				CLANG_WARN_DIRECT_OBJC_ISA_USAGE = YES_ERROR;
				CLANG_WARN_DOCUMENTATION_COMMENTS = YES;
				CLANG_WARN_EMPTY_BODY = YES;
				CLANG_WARN_ENUM_CONVERSION = YES;
				CLANG_WARN_INFINITE_RECURSION = YES;
				CLANG_WARN_INT_CONVERSION = YES;
				CLANG_WARN_NON_LITERAL_NULL_CONVERSION = YES;
				CLANG_WARN_OBJC_IMPLICIT_RETAIN_SELF = YES;
				CLANG_WARN_OBJC_LITERAL_CONVERSION = YES;
				CLANG_WARN_OBJC_ROOT_CLASS = YES_ERROR;
				CLANG_WARN_QUOTED_INCLUDE_IN_FRAMEWORK_HEADER = YES;
				CLANG_WARN_RANGE_LOOP_ANALYSIS = YES;
				CLANG_WARN_STRICT_PROTOTYPES = YES;
				CLANG_WARN_SUSPICIOUS_MOVE = YES;
				CLANG_WARN_UNGUARDED_AVAILABILITY = YES_AGGRESSIVE;
				CLANG_WARN_UNREACHABLE_CODE = YES;
				CLANG_WARN__DUPLICATE_METHOD_MATCH = YES;
				COPY_PHASE_STRIP = NO;
				DEBUG_INFORMATION_FORMAT = dwarf;
				ENABLE_STRICT_OBJC_MSGSEND = YES;
				ENABLE_TESTABILITY = YES;
				GCC_C_LANGUAGE_STANDARD = gnu11;
				GCC_DYNAMIC_NO_PIC = NO;
				GCC_NO_COMMON_BLOCKS = YES;
				GCC_OPTIMIZATION_LEVEL = 0;
				GCC_PREPROCESSOR_DEFINITIONS = (
					"DEBUG=1",
					"$(inherited)",
				);
				GCC_WARN_64_TO_32_BIT_CONVERSION = YES;
				GCC_WARN_ABOUT_RETURN_TYPE = YES_ERROR;
				GCC_WARN_UNDECLARED_SELECTOR = YES;
				GCC_WARN_UNINITIALIZED_AUTOS = YES_AGGRESSIVE;
				GCC_WARN_UNUSED_FUNCTION = YES;
				GCC_WARN_UNUSED_VARIABLE = YES;
				IPHONEOS_DEPLOYMENT_TARGET = 15.0;
				MTL_ENABLE_DEBUG_INFO = INCLUDE_SOURCE;
				MTL_FAST_MATH = YES;
				ONLY_ACTIVE_ARCH = YES;
				SDKROOT = iphoneos;
				SWIFT_ACTIVE_COMPILATION_CONDITIONS = DEBUG;
				SWIFT_OPTIMIZATION_LEVEL = "-Onone";
			};
			name = Debug;
		};
		1C6A0818275E08A5005119A2 /* Release */ = {
			isa = XCBuildConfiguration;
			buildSettings = {
				ALWAYS_SEARCH_USER_PATHS = NO;
				CLANG_ANALYZER_NONNULL = YES;
				CLANG_ANALYZER_NUMBER_OBJECT_CONVERSION = YES_AGGRESSIVE;
				CLANG_CXX_LANGUAGE_STANDARD = "gnu++17";
				CLANG_CXX_LIBRARY = "libc++";
				CLANG_ENABLE_MODULES = YES;
				CLANG_ENABLE_OBJC_ARC = YES;
				CLANG_ENABLE_OBJC_WEAK = YES;
				CLANG_WARN_BLOCK_CAPTURE_AUTORELEASING = YES;
				CLANG_WARN_BOOL_CONVERSION = YES;
				CLANG_WARN_COMMA = YES;
				CLANG_WARN_CONSTANT_CONVERSION = YES;
				CLANG_WARN_DEPRECATED_OBJC_IMPLEMENTATIONS = YES;
				CLANG_WARN_DIRECT_OBJC_ISA_USAGE = YES_ERROR;
				CLANG_WARN_DOCUMENTATION_COMMENTS = YES;
				CLANG_WARN_EMPTY_BODY = YES;
				CLANG_WARN_ENUM_CONVERSION = YES;
				CLANG_WARN_INFINITE_RECURSION = YES;
				CLANG_WARN_INT_CONVERSION = YES;
				CLANG_WARN_NON_LITERAL_NULL_CONVERSION = YES;
				CLANG_WARN_OBJC_IMPLICIT_RETAIN_SELF = YES;
				CLANG_WARN_OBJC_LITERAL_CONVERSION = YES;
				CLANG_WARN_OBJC_ROOT_CLASS = YES_ERROR;
				CLANG_WARN_QUOTED_INCLUDE_IN_FRAMEWORK_HEADER = YES;
				CLANG_WARN_RANGE_LOOP_ANALYSIS = YES;
				CLANG_WARN_STRICT_PROTOTYPES = YES;
				CLANG_WARN_SUSPICIOUS_MOVE = YES;
				CLANG_WARN_UNGUARDED_AVAILABILITY = YES_AGGRESSIVE;
				CLANG_WARN_UNREACHABLE_CODE = YES;
				CLANG_WARN__DUPLICATE_METHOD_MATCH = YES;
				COPY_PHASE_STRIP = NO;
				DEBUG_INFORMATION_FORMAT = "dwarf-with-dsym";
				ENABLE_NS_ASSERTIONS = NO;
				ENABLE_STRICT_OBJC_MSGSEND = YES;
				GCC_C_LANGUAGE_STANDARD = gnu11;
				GCC_NO_COMMON_BLOCKS = YES;
				GCC_WARN_64_TO_32_BIT_CONVERSION = YES;
				GCC_WARN_ABOUT_RETURN_TYPE = YES_ERROR;
				GCC_WARN_UNDECLARED_SELECTOR = YES;
				GCC_WARN_UNINITIALIZED_AUTOS = YES_AGGRESSIVE;
				GCC_WARN_UNUSED_FUNCTION = YES;
				GCC_WARN_UNUSED_VARIABLE = YES;
				IPHONEOS_DEPLOYMENT_TARGET = 15.0;
				MTL_ENABLE_DEBUG_INFO = NO;
				MTL_FAST_MATH = YES;
				SDKROOT = iphoneos;
				SWIFT_COMPILATION_MODE = wholemodule;
				SWIFT_OPTIMIZATION_LEVEL = "-O";
				VALIDATE_PRODUCT = YES;
			};
			name = Release;
		};
		1C6A081A275E08A5005119A2 /* Debug */ = {
			isa = XCBuildConfiguration;
			buildSettings = {
				ASSETCATALOG_COMPILER_APPICON_NAME = AppIcon;
				ASSETCATALOG_COMPILER_GLOBAL_ACCENT_COLOR_NAME = AccentColor;
				ASSETCATALOG_COMPILER_INCLUDE_ALL_APPICON_ASSETS = YES;
				CODE_SIGN_STYLE = Automatic;
				CURRENT_PROJECT_VERSION = 1;
				GENERATE_INFOPLIST_FILE = YES;
				INFOPLIST_FILE = "Sample UI/Info.plist";
				INFOPLIST_KEY_UIApplicationSupportsIndirectInputEvents = YES;
				INFOPLIST_KEY_UILaunchStoryboardName = LaunchScreen;
				INFOPLIST_KEY_UIMainStoryboardFile = Main;
				INFOPLIST_KEY_UISupportedInterfaceOrientations_iPad = "UIInterfaceOrientationPortrait UIInterfaceOrientationPortraitUpsideDown UIInterfaceOrientationLandscapeLeft UIInterfaceOrientationLandscapeRight";
				INFOPLIST_KEY_UISupportedInterfaceOrientations_iPhone = "UIInterfaceOrientationPortrait UIInterfaceOrientationLandscapeLeft UIInterfaceOrientationLandscapeRight";
				IPHONEOS_DEPLOYMENT_TARGET = 15.0;
				LD_RUNPATH_SEARCH_PATHS = (
					"$(inherited)",
					"@executable_path/Frameworks",
				);
				MARKETING_VERSION = 1.0;
				PRODUCT_BUNDLE_IDENTIFIER = "Test.Sample-UI";
				PRODUCT_NAME = "$(TARGET_NAME)";
				SWIFT_EMIT_LOC_STRINGS = YES;
				SWIFT_VERSION = 5.0;
				TARGETED_DEVICE_FAMILY = "1,2";
			};
			name = Debug;
		};
		1C6A081B275E08A5005119A2 /* Release */ = {
			isa = XCBuildConfiguration;
			buildSettings = {
				ASSETCATALOG_COMPILER_APPICON_NAME = AppIcon;
				ASSETCATALOG_COMPILER_GLOBAL_ACCENT_COLOR_NAME = AccentColor;
				ASSETCATALOG_COMPILER_INCLUDE_ALL_APPICON_ASSETS = YES;
				CODE_SIGN_STYLE = Automatic;
				CURRENT_PROJECT_VERSION = 1;
				GENERATE_INFOPLIST_FILE = YES;
				INFOPLIST_FILE = "Sample UI/Info.plist";
				INFOPLIST_KEY_UIApplicationSupportsIndirectInputEvents = YES;
				INFOPLIST_KEY_UILaunchStoryboardName = LaunchScreen;
				INFOPLIST_KEY_UIMainStoryboardFile = Main;
				INFOPLIST_KEY_UISupportedInterfaceOrientations_iPad = "UIInterfaceOrientationPortrait UIInterfaceOrientationPortraitUpsideDown UIInterfaceOrientationLandscapeLeft UIInterfaceOrientationLandscapeRight";
				INFOPLIST_KEY_UISupportedInterfaceOrientations_iPhone = "UIInterfaceOrientationPortrait UIInterfaceOrientationLandscapeLeft UIInterfaceOrientationLandscapeRight";
				IPHONEOS_DEPLOYMENT_TARGET = 15.0;
				LD_RUNPATH_SEARCH_PATHS = (
					"$(inherited)",
					"@executable_path/Frameworks",
				);
				MARKETING_VERSION = 1.0;
				PRODUCT_BUNDLE_IDENTIFIER = "Test.Sample-UI";
				PRODUCT_NAME = "$(TARGET_NAME)";
				SWIFT_EMIT_LOC_STRINGS = YES;
				SWIFT_VERSION = 5.0;
				TARGETED_DEVICE_FAMILY = "1,2";
			};
			name = Release;
		};
/* End XCBuildConfiguration section */

/* Begin XCConfigurationList section */
		1C6A0800275E08A0005119A2 /* Build configuration list for PBXProject "Sample UI" */ = {
			isa = XCConfigurationList;
			buildConfigurations = (
				1C6A0817275E08A5005119A2 /* Debug */,
				1C6A0818275E08A5005119A2 /* Release */,
			);
			defaultConfigurationIsVisible = 0;
			defaultConfigurationName = Release;
		};
		1C6A0819275E08A5005119A2 /* Build configuration list for PBXNativeTarget "Sample UI" */ = {
			isa = XCConfigurationList;
			buildConfigurations = (
				1C6A081A275E08A5005119A2 /* Debug */,
				1C6A081B275E08A5005119A2 /* Release */,
			);
			defaultConfigurationIsVisible = 0;
			defaultConfigurationName = Release;
		};
/* End XCConfigurationList section */
	};
	rootObject = 1C6A07FD275E08A0005119A2 /* Project object */;
}
